
Microsoft Visual Studio Solution File, Format Version 12.00
# Visual Studio Version 17
VisualStudioVersion = 17.0.31903.59
MinimumVisualStudioVersion = 10.0.40219.1
Project("{2150E333-8FDC-42A3-9474-1A3956D46DE8}") = "src", "src", "{827E0CD3-B72D-47B6-A68D-7590B98EB39B}"
EndProject
Project("{FAE04EC0-301F-11D3-BF4B-00C04F79EFBC}") = "SBAPro.Core", "src\SBAPro.Core\SBAPro.Core.csproj", "{F3BF0489-AF71-421D-B6B6-A828DFB1B960}"
EndProject
Project("{FAE04EC0-301F-11D3-BF4B-00C04F79EFBC}") = "SBAPro.Infrastructure", "src\SBAPro.Infrastructure\SBAPro.Infrastructure.csproj", "{A5525639-1D66-4BBD-A69B-26217B52DBDE}"
EndProject
Project("{FAE04EC0-301F-11D3-BF4B-00C04F79EFBC}") = "SBAPro.WebApp", "src\SBAPro.WebApp\SBAPro.WebApp.csproj", "{B78D5137-C263-41F5-9AAB-E65F57074E42}"
EndProject
Global
	GlobalSection(SolutionConfigurationPlatforms) = preSolution
		Debug|Any CPU = Debug|Any CPU
		Debug|x64 = Debug|x64
		Debug|x86 = Debug|x86
		Release|Any CPU = Release|Any CPU
		Release|x64 = Release|x64
		Release|x86 = Release|x86
	EndGlobalSection
	GlobalSection(ProjectConfigurationPlatforms) = postSolution
		{F3BF0489-AF71-421D-B6B6-A828DFB1B960}.Debug|Any CPU.ActiveCfg = Debug|Any CPU
		{F3BF0489-AF71-421D-B6B6-A828DFB1B960}.Debug|Any CPU.Build.0 = Debug|Any CPU
		{F3BF0489-AF71-421D-B6B6-A828DFB1B960}.Debug|x64.ActiveCfg = Debug|Any CPU
		{F3BF0489-AF71-421D-B6B6-A828DFB1B960}.Debug|x64.Build.0 = Debug|Any CPU
		{F3BF0489-AF71-421D-B6B6-A828DFB1B960}.Debug|x86.ActiveCfg = Debug|Any CPU
		{F3BF0489-AF71-421D-B6B6-A828DFB1B960}.Debug|x86.Build.0 = Debug|Any CPU
		{F3BF0489-AF71-421D-B6B6-A828DFB1B960}.Release|Any CPU.ActiveCfg = Release|Any CPU
		{F3BF0489-AF71-421D-B6B6-A828DFB1B960}.Release|Any CPU.Build.0 = Release|Any CPU
		{F3BF0489-AF71-421D-B6B6-A828DFB1B960}.Release|x64.ActiveCfg = Release|Any CPU
		{F3BF0489-AF71-421D-B6B6-A828DFB1B960}.Release|x64.Build.0 = Release|Any CPU
		{F3BF0489-AF71-421D-B6B6-A828DFB1B960}.Release|x86.ActiveCfg = Release|Any CPU
		{F3BF0489-AF71-421D-B6B6-A828DFB1B960}.Release|x86.Build.0 = Release|Any CPU
		{A5525639-1D66-4BBD-A69B-26217B52DBDE}.Debug|Any CPU.ActiveCfg = Debug|Any CPU
		{A5525639-1D66-4BBD-A69B-26217B52DBDE}.Debug|Any CPU.Build.0 = Debug|Any CPU
		{A5525639-1D66-4BBD-A69B-26217B52DBDE}.Debug|x64.ActiveCfg = Debug|Any CPU
		{A5525639-1D66-4BBD-A69B-26217B52DBDE}.Debug|x64.Build.0 = Debug|Any CPU
		{A5525639-1D66-4BBD-A69B-26217B52DBDE}.Debug|x86.ActiveCfg = Debug|Any CPU
		{A5525639-1D66-4BBD-A69B-26217B52DBDE}.Debug|x86.Build.0 = Debug|Any CPU
		{A5525639-1D66-4BBD-A69B-26217B52DBDE}.Release|Any CPU.ActiveCfg = Release|Any CPU
		{A5525639-1D66-4BBD-A69B-26217B52DBDE}.Release|Any CPU.Build.0 = Release|Any CPU
		{A5525639-1D66-4BBD-A69B-26217B52DBDE}.Release|x64.ActiveCfg = Release|Any CPU
		{A5525639-1D66-4BBD-A69B-26217B52DBDE}.Release|x64.Build.0 = Release|Any CPU
		{A5525639-1D66-4BBD-A69B-26217B52DBDE}.Release|x86.ActiveCfg = Release|Any CPU
		{A5525639-1D66-4BBD-A69B-26217B52DBDE}.Release|x86.Build.0 = Release|Any CPU
		{B78D5137-C263-41F5-9AAB-E65F57074E42}.Debug|Any CPU.ActiveCfg = Debug|Any CPU
		{B78D5137-C263-41F5-9AAB-E65F57074E42}.Debug|Any CPU.Build.0 = Debug|Any CPU
		{B78D5137-C263-41F5-9AAB-E65F57074E42}.Debug|x64.ActiveCfg = Debug|Any CPU
		{B78D5137-C263-41F5-9AAB-E65F57074E42}.Debug|x64.Build.0 = Debug|Any CPU
		{B78D5137-C263-41F5-9AAB-E65F57074E42}.Debug|x86.ActiveCfg = Debug|Any CPU
		{B78D5137-C263-41F5-9AAB-E65F57074E42}.Debug|x86.Build.0 = Debug|Any CPU
		{B78D5137-C263-41F5-9AAB-E65F57074E42}.Release|Any CPU.ActiveCfg = Release|Any CPU
		{B78D5137-C263-41F5-9AAB-E65F57074E42}.Release|Any CPU.Build.0 = Release|Any CPU
		{B78D5137-C263-41F5-9AAB-E65F57074E42}.Release|x64.ActiveCfg = Release|Any CPU
		{B78D5137-C263-41F5-9AAB-E65F57074E42}.Release|x64.Build.0 = Release|Any CPU
		{B78D5137-C263-41F5-9AAB-E65F57074E42}.Release|x86.ActiveCfg = Release|Any CPU
		{B78D5137-C263-41F5-9AAB-E65F57074E42}.Release|x86.Build.0 = Release|Any CPU
	EndGlobalSection
	GlobalSection(SolutionProperties) = preSolution
		HideSolutionNode = FALSE
	EndGlobalSection
	GlobalSection(NestedProjects) = preSolution
		{F3BF0489-AF71-421D-B6B6-A828DFB1B960} = {827E0CD3-B72D-47B6-A68D-7590B98EB39B}
		{A5525639-1D66-4BBD-A69B-26217B52DBDE} = {827E0CD3-B72D-47B6-A68D-7590B98EB39B}
		{B78D5137-C263-41F5-9AAB-E65F57074E42} = {827E0CD3-B72D-47B6-A68D-7590B98EB39B}
	EndGlobalSection
EndGlobal
